
Microsoft Visual Studio Solution File, Format Version 12.00
# Visual Studio Version 16
VisualStudioVersion = 16.0.31702.278
MinimumVisualStudioVersion = 10.0.40219.1
Project("{FAE04EC0-301F-11D3-BF4B-00C04F79EFBC}") = "DAL", "DAL\DAL.csproj", "{72D46269-3077-41DA-92AB-783FCCE8C24C}"
EndProject
Project("{FAE04EC0-301F-11D3-BF4B-00C04F79EFBC}") = "PresentationLayer", "PresentationLayer\PresentationLayer.csproj", "{0AC53855-C6F3-4A70-8CD1-7B27BC5C5CB4}"
EndProject
Project("{FAE04EC0-301F-11D3-BF4B-00C04F79EFBC}") = "BLL", "BLL\BLL.csproj", "{BE38985A-0B00-47A4-B801-8437BD66E91B}"
EndProject
Global
	GlobalSection(SolutionConfigurationPlatforms) = preSolution
		Debug|Any CPU = Debug|Any CPU
		Release|Any CPU = Release|Any CPU
	EndGlobalSection
	GlobalSection(ProjectConfigurationPlatforms) = postSolution
		{72D46269-3077-41DA-92AB-783FCCE8C24C}.Debug|Any CPU.ActiveCfg = Debug|Any CPU
		{72D46269-3077-41DA-92AB-783FCCE8C24C}.Debug|Any CPU.Build.0 = Debug|Any CPU
		{72D46269-3077-41DA-92AB-783FCCE8C24C}.Release|Any CPU.ActiveCfg = Release|Any CPU
		{72D46269-3077-41DA-92AB-783FCCE8C24C}.Release|Any CPU.Build.0 = Release|Any CPU
		{0AC53855-C6F3-4A70-8CD1-7B27BC5C5CB4}.Debug|Any CPU.ActiveCfg = Debug|Any CPU
		{0AC53855-C6F3-4A70-8CD1-7B27BC5C5CB4}.Debug|Any CPU.Build.0 = Debug|Any CPU
		{0AC53855-C6F3-4A70-8CD1-7B27BC5C5CB4}.Release|Any CPU.ActiveCfg = Release|Any CPU
		{0AC53855-C6F3-4A70-8CD1-7B27BC5C5CB4}.Release|Any CPU.Build.0 = Release|Any CPU
		{BE38985A-0B00-47A4-B801-8437BD66E91B}.Debug|Any CPU.ActiveCfg = Debug|Any CPU
		{BE38985A-0B00-47A4-B801-8437BD66E91B}.Debug|Any CPU.Build.0 = Debug|Any CPU
		{BE38985A-0B00-47A4-B801-8437BD66E91B}.Release|Any CPU.ActiveCfg = Release|Any CPU
		{BE38985A-0B00-47A4-B801-8437BD66E91B}.Release|Any CPU.Build.0 = Release|Any CPU
	EndGlobalSection
	GlobalSection(SolutionProperties) = preSolution
		HideSolutionNode = FALSE
	EndGlobalSection
	GlobalSection(ExtensibilityGlobals) = postSolution
		SolutionGuid = {B30D45AE-B9C4-438F-B7C2-8D8BF5B916F3}
	EndGlobalSection
EndGlobal
